Microsoft Visual Studio Solution File, Format Version 12.00
# Visual Studio Version 16
VisualStudioVersion = 16.0.29209.152
MinimumVisualStudioVersion = 10.0.40219.1
Project("{8BC9CEB8-8B4A-11D0-8D11-00A0C91BC942}") = "export2pov", "export2pov\export2pov.vcxproj", "{59C5C804-D0BA-42DB-A756-1CB53D83FD61}"
EndProject
Global
	GlobalSection(SolutionConfigurationPlatforms) = preSolution
		Debug MD|x64 = Debug MD|x64
		Debug MT|x64 = Debug MT|x64
		Release MD|x64 = Release MD|x64
		Release MT|x64 = Release MT|x64
	EndGlobalSection
	GlobalSection(ProjectConfigurationPlatforms) = postSolution
		{59C5C804-D0BA-42DB-A756-1CB53D83FD61}.Debug MD|x64.ActiveCfg = Debug MD|x64
		{59C5C804-D0BA-42DB-A756-1CB53D83FD61}.Debug MD|x64.Build.0 = Debug MD|x64
		{59C5C804-D0BA-42DB-A756-1CB53D83FD61}.Debug MT|x64.ActiveCfg = Debug MT|x64
		{59C5C804-D0BA-42DB-A756-1CB53D83FD61}.Debug MT|x64.Build.0 = Debug MT|x64
		{59C5C804-D0BA-42DB-A756-1CB53D83FD61}.Release MD|x64.ActiveCfg = Release MD|x64
		{59C5C804-D0BA-42DB-A756-1CB53D83FD61}.Release MD|x64.Build.0 = Release MD|x64
		{59C5C804-D0BA-42DB-A756-1CB53D83FD61}.Release MT|x64.ActiveCfg = Release MT|x64
		{59C5C804-D0BA-42DB-A756-1CB53D83FD61}.Release MT|x64.Build.0 = Release MT|x64
	EndGlobalSection
	GlobalSection(SolutionProperties) = preSolution
		HideSolutionNode = FALSE
	EndGlobalSection
	GlobalSection(ExtensibilityGlobals) = postSolution
		SolutionGuid = {6F843D9B-F1F7-4B6B-9744-D35523306F09}
	EndGlobalSection
EndGlobal
